{
  "name": "evald.ai",
  "version": "1.0.0",
  "lockfileVersion": 3,
  "requires": true,
  "packages": {
    "": {
      "name": "evald.ai",
      "version": "1.0.0",
      "license": "ISC",
      "dependencies": {
        "@doyaken/doyaken": "^0.1.16"
      }
    },
    "node_modules/@doyaken/doyaken": {
      "version": "0.1.16",
      "resolved": "https://registry.npmjs.org/@doyaken/doyaken/-/doyaken-0.1.16.tgz",
      "integrity": "sha512-cV35vP4/r/z0Lz+atIvZvMcnTeVX9GaVla3OracYm7eqvn6oDzDM7WR0bLsZf7jKvTFJQmMwVnvp2XvLyKNa7w==",
      "hasInstallScript": true,
      "license": "MIT",
      "os": [
        "darwin",
        "linux"
      ],
      "bin": {
        "dk": "bin/doyaken",
        "doyaken": "bin/doyaken"
      },
      "engines": {
        "node": ">=16.0.0"
      }
    }
  }
}
